
Microsoft Visual Studio Solution File, Format Version 12.00
# Visual Studio Version 17
VisualStudioVersion = 17.5.33516.290
MinimumVisualStudioVersion = 10.0.40219.1
Project("{FAE04EC0-301F-11D3-BF4B-00C04F79EFBC}") = "MedBooking", "MedBooking\MedBooking.csproj", "{B5F0396E-C01D-4D7D-9D74-E63216891839}"
EndProject
Global
	GlobalSection(SolutionConfigurationPlatforms) = preSolution
		Debug|Any CPU = Debug|Any CPU
		Release|Any CPU = Release|Any CPU
	EndGlobalSection
	GlobalSection(ProjectConfigurationPlatforms) = postSolution
		{B5F0396E-C01D-4D7D-9D74-E63216891839}.Debug|Any CPU.ActiveCfg = Debug|Any CPU
		{B5F0396E-C01D-4D7D-9D74-E63216891839}.Debug|Any CPU.Build.0 = Debug|Any CPU
		{B5F0396E-C01D-4D7D-9D74-E63216891839}.Release|Any CPU.ActiveCfg = Release|Any CPU
		{B5F0396E-C01D-4D7D-9D74-E63216891839}.Release|Any CPU.Build.0 = Release|Any CPU
	EndGlobalSection
	GlobalSection(SolutionProperties) = preSolution
		HideSolutionNode = FALSE
	EndGlobalSection
	GlobalSection(ExtensibilityGlobals) = postSolution
		SolutionGuid = {40DEA0DD-01B7-48DE-91AF-35BA2ED94266}
	EndGlobalSection
EndGlobal
